
Microsoft Visual Studio Solution File, Format Version 12.00
# Visual Studio Version 17
VisualStudioVersion = 17.14.36623.8
MinimumVisualStudioVersion = 10.0.40219.1
Project("{FAE04EC0-301F-11D3-BF4B-00C04F79EFBC}") = "SessionNamespaces", "SessionNamespaces\SessionNamespaces.csproj", "{8511A917-C3AA-4FF0-AFD8-928CBFFA4211}"
EndProject
Project("{FAE04EC0-301F-11D3-BF4B-00C04F79EFBC}") = "Session2IfStatements", "Session2IfStatements\Session2IfStatements.csproj", "{A0A31C0C-7667-4032-B5C1-1369336E46C7}"
EndProject
Project("{FAE04EC0-301F-11D3-BF4B-00C04F79EFBC}") = "BonusChallenge", "HW_Session_3_Loops\BonusChallenge\BonusChallenge.csproj", "{A6D20C8F-530D-477C-BC56-61EA319AC068}"
EndProject
Project("{FAE04EC0-301F-11D3-BF4B-00C04F79EFBC}") = "Task1", "HW_Session_3_Loops\Task1\Task1.csproj", "{58E8D5AF-0187-430A-ACF2-BC82F6E9659C}"
EndProject
Project("{FAE04EC0-301F-11D3-BF4B-00C04F79EFBC}") = "Task2", "HW_Session_3_Loops\Task2\Task2.csproj", "{F90D6E90-43C1-4DF0-8832-71D7B8F8D6B2}"
EndProject
Project("{FAE04EC0-301F-11D3-BF4B-00C04F79EFBC}") = "Task3", "HW_Session_3_Loops\Task3\Task3.csproj", "{C6763381-45CE-48B8-8030-9691ED5CB8C6}"
EndProject
Project("{FAE04EC0-301F-11D3-BF4B-00C04F79EFBC}") = "Task4", "HW_Session_3_Loops\Task4\Task4.csproj", "{E281C436-358E-4F69-AB2F-9A3BD74F66C7}"
EndProject
Global
	GlobalSection(SolutionConfigurationPlatforms) = preSolution
		Debug|Any CPU = Debug|Any CPU
		Release|Any CPU = Release|Any CPU
	EndGlobalSection
	GlobalSection(ProjectConfigurationPlatforms) = postSolution
		{8511A917-C3AA-4FF0-AFD8-928CBFFA4211}.Debug|Any CPU.ActiveCfg = Debug|Any CPU
		{8511A917-C3AA-4FF0-AFD8-928CBFFA4211}.Debug|Any CPU.Build.0 = Debug|Any CPU
		{8511A917-C3AA-4FF0-AFD8-928CBFFA4211}.Release|Any CPU.ActiveCfg = Release|Any CPU
		{8511A917-C3AA-4FF0-AFD8-928CBFFA4211}.Release|Any CPU.Build.0 = Release|Any CPU
		{A0A31C0C-7667-4032-B5C1-1369336E46C7}.Debug|Any CPU.ActiveCfg = Debug|Any CPU
		{A0A31C0C-7667-4032-B5C1-1369336E46C7}.Debug|Any CPU.Build.0 = Debug|Any CPU
		{A0A31C0C-7667-4032-B5C1-1369336E46C7}.Release|Any CPU.ActiveCfg = Release|Any CPU
		{A0A31C0C-7667-4032-B5C1-1369336E46C7}.Release|Any CPU.Build.0 = Release|Any CPU
		{A6D20C8F-530D-477C-BC56-61EA319AC068}.Debug|Any CPU.ActiveCfg = Debug|Any CPU
		{A6D20C8F-530D-477C-BC56-61EA319AC068}.Debug|Any CPU.Build.0 = Debug|Any CPU
		{A6D20C8F-530D-477C-BC56-61EA319AC068}.Release|Any CPU.ActiveCfg = Release|Any CPU
		{A6D20C8F-530D-477C-BC56-61EA319AC068}.Release|Any CPU.Build.0 = Release|Any CPU
		{58E8D5AF-0187-430A-ACF2-BC82F6E9659C}.Debug|Any CPU.ActiveCfg = Debug|Any CPU
		{58E8D5AF-0187-430A-ACF2-BC82F6E9659C}.Debug|Any CPU.Build.0 = Debug|Any CPU
		{58E8D5AF-0187-430A-ACF2-BC82F6E9659C}.Release|Any CPU.ActiveCfg = Release|Any CPU
		{58E8D5AF-0187-430A-ACF2-BC82F6E9659C}.Release|Any CPU.Build.0 = Release|Any CPU
		{F90D6E90-43C1-4DF0-8832-71D7B8F8D6B2}.Debug|Any CPU.ActiveCfg = Debug|Any CPU
		{F90D6E90-43C1-4DF0-8832-71D7B8F8D6B2}.Debug|Any CPU.Build.0 = Debug|Any CPU
		{F90D6E90-43C1-4DF0-8832-71D7B8F8D6B2}.Release|Any CPU.ActiveCfg = Release|Any CPU
		{F90D6E90-43C1-4DF0-8832-71D7B8F8D6B2}.Release|Any CPU.Build.0 = Release|Any CPU
		{C6763381-45CE-48B8-8030-9691ED5CB8C6}.Debug|Any CPU.ActiveCfg = Debug|Any CPU
		{C6763381-45CE-48B8-8030-9691ED5CB8C6}.Debug|Any CPU.Build.0 = Debug|Any CPU
		{C6763381-45CE-48B8-8030-9691ED5CB8C6}.Release|Any CPU.ActiveCfg = Release|Any CPU
		{C6763381-45CE-48B8-8030-9691ED5CB8C6}.Release|Any CPU.Build.0 = Release|Any CPU
		{E281C436-358E-4F69-AB2F-9A3BD74F66C7}.Debug|Any CPU.ActiveCfg = Debug|Any CPU
		{E281C436-358E-4F69-AB2F-9A3BD74F66C7}.Debug|Any CPU.Build.0 = Debug|Any CPU
		{E281C436-358E-4F69-AB2F-9A3BD74F66C7}.Release|Any CPU.ActiveCfg = Release|Any CPU
		{E281C436-358E-4F69-AB2F-9A3BD74F66C7}.Release|Any CPU.Build.0 = Release|Any CPU
	EndGlobalSection
	GlobalSection(SolutionProperties) = preSolution
		HideSolutionNode = FALSE
	EndGlobalSection
	GlobalSection(ExtensibilityGlobals) = postSolution
		SolutionGuid = {25CEA9FE-5E2B-4C5E-862F-2B85F4BFFA71}
	EndGlobalSection
EndGlobal
