
Microsoft Visual Studio Solution File, Format Version 12.00
# Visual Studio Version 17
VisualStudioVersion = 17.14.36623.8
MinimumVisualStudioVersion = 10.0.40219.1
Project("{FAE04EC0-301F-11D3-BF4B-00C04F79EFBC}") = "SessionNamespaces", "SessionNamespaces\SessionNamespaces.csproj", "{8511A917-C3AA-4FF0-AFD8-928CBFFA4211}"
EndProject
Project("{FAE04EC0-301F-11D3-BF4B-00C04F79EFBC}") = "Session2IfStatements", "Session2IfStatements\Session2IfStatements.csproj", "{A0A31C0C-7667-4032-B5C1-1369336E46C7}"
EndProject
Project("{2150E333-8FDC-42A3-9474-1A3956D46DE8}") = "HW", "HW", "{FDE9FFAB-8805-4B32-AB09-435D41D532A0}"
EndProject
Project("{FAE04EC0-301F-11D3-BF4B-00C04F79EFBC}") = "BonusChallengefff", "BonusChallenge\BonusChallengefff.csproj", "{89F3BC5E-6D14-4DB8-B085-5B637AA43EEF}"
EndProject
Global
	GlobalSection(SolutionConfigurationPlatforms) = preSolution
		Debug|Any CPU = Debug|Any CPU
		Release|Any CPU = Release|Any CPU
	EndGlobalSection
	GlobalSection(ProjectConfigurationPlatforms) = postSolution
		{8511A917-C3AA-4FF0-AFD8-928CBFFA4211}.Debug|Any CPU.ActiveCfg = Debug|Any CPU
		{8511A917-C3AA-4FF0-AFD8-928CBFFA4211}.Debug|Any CPU.Build.0 = Debug|Any CPU
		{8511A917-C3AA-4FF0-AFD8-928CBFFA4211}.Release|Any CPU.ActiveCfg = Release|Any CPU
		{8511A917-C3AA-4FF0-AFD8-928CBFFA4211}.Release|Any CPU.Build.0 = Release|Any CPU
		{A0A31C0C-7667-4032-B5C1-1369336E46C7}.Debug|Any CPU.ActiveCfg = Debug|Any CPU
		{A0A31C0C-7667-4032-B5C1-1369336E46C7}.Debug|Any CPU.Build.0 = Debug|Any CPU
		{A0A31C0C-7667-4032-B5C1-1369336E46C7}.Release|Any CPU.ActiveCfg = Release|Any CPU
		{A0A31C0C-7667-4032-B5C1-1369336E46C7}.Release|Any CPU.Build.0 = Release|Any CPU
		{89F3BC5E-6D14-4DB8-B085-5B637AA43EEF}.Debug|Any CPU.ActiveCfg = Debug|Any CPU
		{89F3BC5E-6D14-4DB8-B085-5B637AA43EEF}.Debug|Any CPU.Build.0 = Debug|Any CPU
		{89F3BC5E-6D14-4DB8-B085-5B637AA43EEF}.Release|Any CPU.ActiveCfg = Release|Any CPU
		{89F3BC5E-6D14-4DB8-B085-5B637AA43EEF}.Release|Any CPU.Build.0 = Release|Any CPU
	EndGlobalSection
	GlobalSection(SolutionProperties) = preSolution
		HideSolutionNode = FALSE
	EndGlobalSection
	GlobalSection(NestedProjects) = preSolution
		{89F3BC5E-6D14-4DB8-B085-5B637AA43EEF} = {FDE9FFAB-8805-4B32-AB09-435D41D532A0}
	EndGlobalSection
	GlobalSection(ExtensibilityGlobals) = postSolution
		SolutionGuid = {25CEA9FE-5E2B-4C5E-862F-2B85F4BFFA71}
	EndGlobalSection
EndGlobal
