
Microsoft Visual Studio Solution File, Format Version 12.00
# Visual Studio Version 17
VisualStudioVersion = 17.14.36623.8
MinimumVisualStudioVersion = 10.0.40219.1
Project("{FAE04EC0-301F-11D3-BF4B-00C04F79EFBC}") = "SessionNamespaces", "SessionNamespaces\SessionNamespaces.csproj", "{8511A917-C3AA-4FF0-AFD8-928CBFFA4211}"
EndProject
Project("{FAE04EC0-301F-11D3-BF4B-00C04F79EFBC}") = "Session2IfStatements", "Session2IfStatements\Session2IfStatements.csproj", "{A0A31C0C-7667-4032-B5C1-1369336E46C7}"
EndProject
Project("{FAE04EC0-301F-11D3-BF4B-00C04F79EFBC}") = "BonusChallenge", "HW_Session_3_Loops\BonusChallenge\BonusChallenge.csproj", "{A6D20C8F-530D-477C-BC56-61EA319AC068}"
EndProject
Project("{FAE04EC0-301F-11D3-BF4B-00C04F79EFBC}") = "Task1", "HW_Session_3_Loops\Task1\Task1.csproj", "{58E8D5AF-0187-430A-ACF2-BC82F6E9659C}"
EndProject
Project("{FAE04EC0-301F-11D3-BF4B-00C04F79EFBC}") = "Task2", "HW_Session_3_Loops\Task2\Task2.csproj", "{F90D6E90-43C1-4DF0-8832-71D7B8F8D6B2}"
EndProject
Project("{FAE04EC0-301F-11D3-BF4B-00C04F79EFBC}") = "Task3", "HW_Session_3_Loops\Task3\Task3.csproj", "{C6763381-45CE-48B8-8030-9691ED5CB8C6}"
EndProject
Project("{FAE04EC0-301F-11D3-BF4B-00C04F79EFBC}") = "Task4", "HW_Session_3_Loops\Task4\Task4.csproj", "{E281C436-358E-4F69-AB2F-9A3BD74F66C7}"
EndProject
Project("{FAE04EC0-301F-11D3-BF4B-00C04F79EFBC}") = "Task5", "HW_Session_3_Loops\Task5\Task5.csproj", "{5A2D8774-4B1F-4316-8540-6030BED6D336}"
EndProject
Project("{FAE04EC0-301F-11D3-BF4B-00C04F79EFBC}") = "Task6", "HW_Session_3_Loops\Task6\Task6.csproj", "{B391C9BE-9D71-49A0-8FEE-ED3DD092B828}"
EndProject
Project("{FAE04EC0-301F-11D3-BF4B-00C04F79EFBC}") = "BiggestElementInArray", "HW_Session_4_Methods\BiggestElementInArray\BiggestElementInArray.csproj", "{131E50A1-FC20-46FA-9C6F-EA693C1D047F}"
EndProject
Project("{FAE04EC0-301F-11D3-BF4B-00C04F79EFBC}") = "FunGreetings", "HW_Session_4_Methods\FunGreetings\FunGreetings.csproj", "{FD633961-6099-4295-9015-1AB9F3DAC342}"
EndProject
Project("{FAE04EC0-301F-11D3-BF4B-00C04F79EFBC}") = "DiceBattleMethods", "HW_Session_4_Methods\DiceBattleMethods\DiceBattleMethods.csproj", "{963C5551-4508-4BDA-BB2E-E120FC71A382}"
EndProject
Project("{FAE04EC0-301F-11D3-BF4B-00C04F79EFBC}") = "ExtractEmailDomain", "HW_Session_5_Strings\ExtractEmailDomain\ExtractEmailDomain.csproj", "{2AF0B980-A534-436C-A3B0-8AD133321793}"
EndProject
Project("{FAE04EC0-301F-11D3-BF4B-00C04F79EFBC}") = "StringsCompare", "HW_Session_5_Strings\StringsCompare\StringsCompare.csproj", "{822CBEEF-0550-4E1D-8904-C1D95297276A}"
EndProject
Project("{FAE04EC0-301F-11D3-BF4B-00C04F79EFBC}") = "PalindromeChecker", "PalindromeChecker\PalindromeChecker.csproj", "{9CAD5F53-F185-4521-AC4B-6E0341938B63}"
EndProject
Project("{FAE04EC0-301F-11D3-BF4B-00C04F79EFBC}") = "Tasks6_7", "HW_Session_7_Collections\Tasks6_7\Tasks6_7.csproj", "{84792775-AA0C-40AF-A67C-E8F6DC232526}"
EndProject
Project("{FAE04EC0-301F-11D3-BF4B-00C04F79EFBC}") = "CountriesAndCapitals", "HW_Session_7_Collections\CountriesAndCapitals\CountriesAndCapitals.csproj", "{DD6068BD-BC82-40A0-9E77-BC9D5D2E666C}"
EndProject
Project("{FAE04EC0-301F-11D3-BF4B-00C04F79EFBC}") = "StudentsNamesAndScores", "HW_Session_7_Collections\StudentsNamesAndScores\StudentsNamesAndScores.csproj", "{11278177-51E7-49D9-AF5A-3BAB96DF5DA9}"
EndProject
Project("{FAE04EC0-301F-11D3-BF4B-00C04F79EFBC}") = "MusicShuffleMachine", "HW_Session_7_Collections\MusicShuffleMachine\MusicShuffleMachine.csproj", "{64A29359-32F1-4DE3-BC6A-3A1C3640CDC1}"
EndProject
Global
	GlobalSection(SolutionConfigurationPlatforms) = preSolution
		Debug|Any CPU = Debug|Any CPU
		Release|Any CPU = Release|Any CPU
	EndGlobalSection
	GlobalSection(ProjectConfigurationPlatforms) = postSolution
		{8511A917-C3AA-4FF0-AFD8-928CBFFA4211}.Debug|Any CPU.ActiveCfg = Debug|Any CPU
		{8511A917-C3AA-4FF0-AFD8-928CBFFA4211}.Debug|Any CPU.Build.0 = Debug|Any CPU
		{8511A917-C3AA-4FF0-AFD8-928CBFFA4211}.Release|Any CPU.ActiveCfg = Release|Any CPU
		{8511A917-C3AA-4FF0-AFD8-928CBFFA4211}.Release|Any CPU.Build.0 = Release|Any CPU
		{A0A31C0C-7667-4032-B5C1-1369336E46C7}.Debug|Any CPU.ActiveCfg = Debug|Any CPU
		{A0A31C0C-7667-4032-B5C1-1369336E46C7}.Debug|Any CPU.Build.0 = Debug|Any CPU
		{A0A31C0C-7667-4032-B5C1-1369336E46C7}.Release|Any CPU.ActiveCfg = Release|Any CPU
		{A0A31C0C-7667-4032-B5C1-1369336E46C7}.Release|Any CPU.Build.0 = Release|Any CPU
		{A6D20C8F-530D-477C-BC56-61EA319AC068}.Debug|Any CPU.ActiveCfg = Debug|Any CPU
		{A6D20C8F-530D-477C-BC56-61EA319AC068}.Debug|Any CPU.Build.0 = Debug|Any CPU
		{A6D20C8F-530D-477C-BC56-61EA319AC068}.Release|Any CPU.ActiveCfg = Release|Any CPU
		{A6D20C8F-530D-477C-BC56-61EA319AC068}.Release|Any CPU.Build.0 = Release|Any CPU
		{58E8D5AF-0187-430A-ACF2-BC82F6E9659C}.Debug|Any CPU.ActiveCfg = Debug|Any CPU
		{58E8D5AF-0187-430A-ACF2-BC82F6E9659C}.Debug|Any CPU.Build.0 = Debug|Any CPU
		{58E8D5AF-0187-430A-ACF2-BC82F6E9659C}.Release|Any CPU.ActiveCfg = Release|Any CPU
		{58E8D5AF-0187-430A-ACF2-BC82F6E9659C}.Release|Any CPU.Build.0 = Release|Any CPU
		{F90D6E90-43C1-4DF0-8832-71D7B8F8D6B2}.Debug|Any CPU.ActiveCfg = Debug|Any CPU
		{F90D6E90-43C1-4DF0-8832-71D7B8F8D6B2}.Debug|Any CPU.Build.0 = Debug|Any CPU
		{F90D6E90-43C1-4DF0-8832-71D7B8F8D6B2}.Release|Any CPU.ActiveCfg = Release|Any CPU
		{F90D6E90-43C1-4DF0-8832-71D7B8F8D6B2}.Release|Any CPU.Build.0 = Release|Any CPU
		{C6763381-45CE-48B8-8030-9691ED5CB8C6}.Debug|Any CPU.ActiveCfg = Debug|Any CPU
		{C6763381-45CE-48B8-8030-9691ED5CB8C6}.Debug|Any CPU.Build.0 = Debug|Any CPU
		{C6763381-45CE-48B8-8030-9691ED5CB8C6}.Release|Any CPU.ActiveCfg = Release|Any CPU
		{C6763381-45CE-48B8-8030-9691ED5CB8C6}.Release|Any CPU.Build.0 = Release|Any CPU
		{E281C436-358E-4F69-AB2F-9A3BD74F66C7}.Debug|Any CPU.ActiveCfg = Debug|Any CPU
		{E281C436-358E-4F69-AB2F-9A3BD74F66C7}.Debug|Any CPU.Build.0 = Debug|Any CPU
		{E281C436-358E-4F69-AB2F-9A3BD74F66C7}.Release|Any CPU.ActiveCfg = Release|Any CPU
		{E281C436-358E-4F69-AB2F-9A3BD74F66C7}.Release|Any CPU.Build.0 = Release|Any CPU
		{5A2D8774-4B1F-4316-8540-6030BED6D336}.Debug|Any CPU.ActiveCfg = Debug|Any CPU
		{5A2D8774-4B1F-4316-8540-6030BED6D336}.Debug|Any CPU.Build.0 = Debug|Any CPU
		{5A2D8774-4B1F-4316-8540-6030BED6D336}.Release|Any CPU.ActiveCfg = Release|Any CPU
		{5A2D8774-4B1F-4316-8540-6030BED6D336}.Release|Any CPU.Build.0 = Release|Any CPU
		{B391C9BE-9D71-49A0-8FEE-ED3DD092B828}.Debug|Any CPU.ActiveCfg = Debug|Any CPU
		{B391C9BE-9D71-49A0-8FEE-ED3DD092B828}.Debug|Any CPU.Build.0 = Debug|Any CPU
		{B391C9BE-9D71-49A0-8FEE-ED3DD092B828}.Release|Any CPU.ActiveCfg = Release|Any CPU
		{B391C9BE-9D71-49A0-8FEE-ED3DD092B828}.Release|Any CPU.Build.0 = Release|Any CPU
		{131E50A1-FC20-46FA-9C6F-EA693C1D047F}.Debug|Any CPU.ActiveCfg = Debug|Any CPU
		{131E50A1-FC20-46FA-9C6F-EA693C1D047F}.Debug|Any CPU.Build.0 = Debug|Any CPU
		{131E50A1-FC20-46FA-9C6F-EA693C1D047F}.Release|Any CPU.ActiveCfg = Release|Any CPU
		{131E50A1-FC20-46FA-9C6F-EA693C1D047F}.Release|Any CPU.Build.0 = Release|Any CPU
		{FD633961-6099-4295-9015-1AB9F3DAC342}.Debug|Any CPU.ActiveCfg = Debug|Any CPU
		{FD633961-6099-4295-9015-1AB9F3DAC342}.Debug|Any CPU.Build.0 = Debug|Any CPU
		{FD633961-6099-4295-9015-1AB9F3DAC342}.Release|Any CPU.ActiveCfg = Release|Any CPU
		{FD633961-6099-4295-9015-1AB9F3DAC342}.Release|Any CPU.Build.0 = Release|Any CPU
		{963C5551-4508-4BDA-BB2E-E120FC71A382}.Debug|Any CPU.ActiveCfg = Debug|Any CPU
		{963C5551-4508-4BDA-BB2E-E120FC71A382}.Debug|Any CPU.Build.0 = Debug|Any CPU
		{963C5551-4508-4BDA-BB2E-E120FC71A382}.Release|Any CPU.ActiveCfg = Release|Any CPU
		{963C5551-4508-4BDA-BB2E-E120FC71A382}.Release|Any CPU.Build.0 = Release|Any CPU
		{2AF0B980-A534-436C-A3B0-8AD133321793}.Debug|Any CPU.ActiveCfg = Debug|Any CPU
		{2AF0B980-A534-436C-A3B0-8AD133321793}.Debug|Any CPU.Build.0 = Debug|Any CPU
		{2AF0B980-A534-436C-A3B0-8AD133321793}.Release|Any CPU.ActiveCfg = Release|Any CPU
		{2AF0B980-A534-436C-A3B0-8AD133321793}.Release|Any CPU.Build.0 = Release|Any CPU
		{822CBEEF-0550-4E1D-8904-C1D95297276A}.Debug|Any CPU.ActiveCfg = Debug|Any CPU
		{822CBEEF-0550-4E1D-8904-C1D95297276A}.Debug|Any CPU.Build.0 = Debug|Any CPU
		{822CBEEF-0550-4E1D-8904-C1D95297276A}.Release|Any CPU.ActiveCfg = Release|Any CPU
		{822CBEEF-0550-4E1D-8904-C1D95297276A}.Release|Any CPU.Build.0 = Release|Any CPU
		{9CAD5F53-F185-4521-AC4B-6E0341938B63}.Debug|Any CPU.ActiveCfg = Debug|Any CPU
		{9CAD5F53-F185-4521-AC4B-6E0341938B63}.Debug|Any CPU.Build.0 = Debug|Any CPU
		{9CAD5F53-F185-4521-AC4B-6E0341938B63}.Release|Any CPU.ActiveCfg = Release|Any CPU
		{9CAD5F53-F185-4521-AC4B-6E0341938B63}.Release|Any CPU.Build.0 = Release|Any CPU
		{84792775-AA0C-40AF-A67C-E8F6DC232526}.Debug|Any CPU.ActiveCfg = Debug|Any CPU
		{84792775-AA0C-40AF-A67C-E8F6DC232526}.Debug|Any CPU.Build.0 = Debug|Any CPU
		{84792775-AA0C-40AF-A67C-E8F6DC232526}.Release|Any CPU.ActiveCfg = Release|Any CPU
		{84792775-AA0C-40AF-A67C-E8F6DC232526}.Release|Any CPU.Build.0 = Release|Any CPU
		{DD6068BD-BC82-40A0-9E77-BC9D5D2E666C}.Debug|Any CPU.ActiveCfg = Debug|Any CPU
		{DD6068BD-BC82-40A0-9E77-BC9D5D2E666C}.Debug|Any CPU.Build.0 = Debug|Any CPU
		{DD6068BD-BC82-40A0-9E77-BC9D5D2E666C}.Release|Any CPU.ActiveCfg = Release|Any CPU
		{DD6068BD-BC82-40A0-9E77-BC9D5D2E666C}.Release|Any CPU.Build.0 = Release|Any CPU
		{11278177-51E7-49D9-AF5A-3BAB96DF5DA9}.Debug|Any CPU.ActiveCfg = Debug|Any CPU
		{11278177-51E7-49D9-AF5A-3BAB96DF5DA9}.Debug|Any CPU.Build.0 = Debug|Any CPU
		{11278177-51E7-49D9-AF5A-3BAB96DF5DA9}.Release|Any CPU.ActiveCfg = Release|Any CPU
		{11278177-51E7-49D9-AF5A-3BAB96DF5DA9}.Release|Any CPU.Build.0 = Release|Any CPU
		{64A29359-32F1-4DE3-BC6A-3A1C3640CDC1}.Debug|Any CPU.ActiveCfg = Debug|Any CPU
		{64A29359-32F1-4DE3-BC6A-3A1C3640CDC1}.Debug|Any CPU.Build.0 = Debug|Any CPU
		{64A29359-32F1-4DE3-BC6A-3A1C3640CDC1}.Release|Any CPU.ActiveCfg = Release|Any CPU
		{64A29359-32F1-4DE3-BC6A-3A1C3640CDC1}.Release|Any CPU.Build.0 = Release|Any CPU
	EndGlobalSection
	GlobalSection(SolutionProperties) = preSolution
		HideSolutionNode = FALSE
	EndGlobalSection
	GlobalSection(ExtensibilityGlobals) = postSolution
		SolutionGuid = {25CEA9FE-5E2B-4C5E-862F-2B85F4BFFA71}
	EndGlobalSection
EndGlobal
